
Microsoft Visual Studio Solution File, Format Version 12.00
# Visual Studio Version 17
VisualStudioVersion = 17.7.34031.279
MinimumVisualStudioVersion = 10.0.40219.1
Project("{9A19103F-16F7-4668-BE54-9A1E7A4F7556}") = "Desktop", "Desktop\Desktop.csproj", "{9ACC3D70-709D-4D94-A7D0-AEA8D6611769}"
	ProjectSection(ProjectDependencies) = postProject
		{E728E4D1-1235-4F50-82B4-B7B8BAAADBA7} = {E728E4D1-1235-4F50-82B4-B7B8BAAADBA7}
	EndProjectSection
EndProject
Project("{FAE04EC0-301F-11D3-BF4B-00C04F79EFBC}") = "Todo.Entities", "ClassLibrary\Todo.Entities.csproj", "{E728E4D1-1235-4F50-82B4-B7B8BAAADBA7}"
EndProject
Global
	GlobalSection(SolutionConfigurationPlatforms) = preSolution
		Debug|Any CPU = Debug|Any CPU
		Release|Any CPU = Release|Any CPU
	EndGlobalSection
	GlobalSection(ProjectConfigurationPlatforms) = postSolution
		{9ACC3D70-709D-4D94-A7D0-AEA8D6611769}.Debug|Any CPU.ActiveCfg = Debug|Any CPU
		{9ACC3D70-709D-4D94-A7D0-AEA8D6611769}.Debug|Any CPU.Build.0 = Debug|Any CPU
		{9ACC3D70-709D-4D94-A7D0-AEA8D6611769}.Release|Any CPU.ActiveCfg = Release|Any CPU
		{9ACC3D70-709D-4D94-A7D0-AEA8D6611769}.Release|Any CPU.Build.0 = Release|Any CPU
		{E728E4D1-1235-4F50-82B4-B7B8BAAADBA7}.Debug|Any CPU.ActiveCfg = Debug|Any CPU
		{E728E4D1-1235-4F50-82B4-B7B8BAAADBA7}.Debug|Any CPU.Build.0 = Debug|Any CPU
		{E728E4D1-1235-4F50-82B4-B7B8BAAADBA7}.Release|Any CPU.ActiveCfg = Release|Any CPU
		{E728E4D1-1235-4F50-82B4-B7B8BAAADBA7}.Release|Any CPU.Build.0 = Release|Any CPU
	EndGlobalSection
	GlobalSection(SolutionProperties) = preSolution
		HideSolutionNode = FALSE
	EndGlobalSection
	GlobalSection(ExtensibilityGlobals) = postSolution
		SolutionGuid = {0778FE63-472D-4A07-B41A-D29B6DD0F780}
	EndGlobalSection
EndGlobal
